
Microsoft Visual Studio Solution File, Format Version 12.00
# Visual Studio Version 17
VisualStudioVersion = 17.2.32526.322
MinimumVisualStudioVersion = 10.0.40219.1
Project("{9A19103F-16F7-4668-BE54-9A1E7A4F7556}") = "AtlantHelpProjectTestVersion._1", "AtlantHelpProjectTestVersion._1.csproj", "{489966A9-FE38-4AED-AC21-76626E50605C}"
EndProject
Global
	GlobalSection(SolutionConfigurationPlatforms) = preSolution
		Debug|Any CPU = Debug|Any CPU
		Release|Any CPU = Release|Any CPU
	EndGlobalSection
	GlobalSection(ProjectConfigurationPlatforms) = postSolution
		{489966A9-FE38-4AED-AC21-76626E50605C}.Debug|Any CPU.ActiveCfg = Debug|Any CPU
		{489966A9-FE38-4AED-AC21-76626E50605C}.Debug|Any CPU.Build.0 = Debug|Any CPU
		{489966A9-FE38-4AED-AC21-76626E50605C}.Release|Any CPU.ActiveCfg = Release|Any CPU
		{489966A9-FE38-4AED-AC21-76626E50605C}.Release|Any CPU.Build.0 = Release|Any CPU
	EndGlobalSection
	GlobalSection(SolutionProperties) = preSolution
		HideSolutionNode = FALSE
	EndGlobalSection
	GlobalSection(ExtensibilityGlobals) = postSolution
		SolutionGuid = {904AFA5A-6258-441E-A9DA-0665D18D0E91}
	EndGlobalSection
EndGlobal
